
Microsoft Visual Studio Solution File, Format Version 12.00
# Visual Studio Version 16
VisualStudioVersion = 16.0.29911.84
MinimumVisualStudioVersion = 10.0.40219.1
Project("{FAE04EC0-301F-11D3-BF4B-00C04F79EFBC}") = "Microwave", "Microwave.csproj", "{742FB34D-7D59-40CA-AA43-9C689927B109}"
EndProject
Global
	GlobalSection(SolutionConfigurationPlatforms) = preSolution
		Debug|Any CPU = Debug|Any CPU
		Release|Any CPU = Release|Any CPU
	EndGlobalSection
	GlobalSection(ProjectConfigurationPlatforms) = postSolution
		{742FB34D-7D59-40CA-AA43-9C689927B109}.Debug|Any CPU.ActiveCfg = Debug|Any CPU
		{742FB34D-7D59-40CA-AA43-9C689927B109}.Debug|Any CPU.Build.0 = Debug|Any CPU
		{742FB34D-7D59-40CA-AA43-9C689927B109}.Release|Any CPU.ActiveCfg = Release|Any CPU
		{742FB34D-7D59-40CA-AA43-9C689927B109}.Release|Any CPU.Build.0 = Release|Any CPU
	EndGlobalSection
	GlobalSection(SolutionProperties) = preSolution
		HideSolutionNode = FALSE
	EndGlobalSection
	GlobalSection(ExtensibilityGlobals) = postSolution
		SolutionGuid = {7D227619-6A28-45E8-85DB-9C0F8A1D7AE4}
	EndGlobalSection
EndGlobal
